
Microsoft Visual Studio Solution File, Format Version 12.00
# Visual Studio Version 17
VisualStudioVersion = 17.6.33815.320
MinimumVisualStudioVersion = 10.0.40219.1
Project("{9A19103F-16F7-4668-BE54-9A1E7A4F7556}") = "GraphQLServerless", "GraphQLServerless\GraphQLServerless.csproj", "{52280ED9-5902-40EE-BCBA-375EF1DD9372}"
EndProject
Project("{FAE04EC0-301F-11D3-BF4B-00C04F79EFBC}") = "GraphQLServerless.Tests.Unit", "GraphQLServerless.Tests.Unit\GraphQLServerless.Tests.Unit.csproj", "{E6151349-C670-4067-A06D-DAA8F6033B21}"
EndProject
Global
	GlobalSection(SolutionConfigurationPlatforms) = preSolution
		Debug|Any CPU = Debug|Any CPU
		Release|Any CPU = Release|Any CPU
	EndGlobalSection
	GlobalSection(ProjectConfigurationPlatforms) = postSolution
		{52280ED9-5902-40EE-BCBA-375EF1DD9372}.Debug|Any CPU.ActiveCfg = Debug|Any CPU
		{52280ED9-5902-40EE-BCBA-375EF1DD9372}.Debug|Any CPU.Build.0 = Debug|Any CPU
		{52280ED9-5902-40EE-BCBA-375EF1DD9372}.Release|Any CPU.ActiveCfg = Release|Any CPU
		{52280ED9-5902-40EE-BCBA-375EF1DD9372}.Release|Any CPU.Build.0 = Release|Any CPU
		{E6151349-C670-4067-A06D-DAA8F6033B21}.Debug|Any CPU.ActiveCfg = Debug|Any CPU
		{E6151349-C670-4067-A06D-DAA8F6033B21}.Debug|Any CPU.Build.0 = Debug|Any CPU
		{E6151349-C670-4067-A06D-DAA8F6033B21}.Release|Any CPU.ActiveCfg = Release|Any CPU
		{E6151349-C670-4067-A06D-DAA8F6033B21}.Release|Any CPU.Build.0 = Release|Any CPU
	EndGlobalSection
	GlobalSection(SolutionProperties) = preSolution
		HideSolutionNode = FALSE
	EndGlobalSection
	GlobalSection(ExtensibilityGlobals) = postSolution
		SolutionGuid = {76EA874F-40B2-4820-A845-E981CA8356B3}
	EndGlobalSection
EndGlobal
